
Microsoft Visual Studio Solution File, Format Version 12.00
# Visual Studio Version 16
VisualStudioVersion = 16.0.29418.71
MinimumVisualStudioVersion = 10.0.40219.1
Project("{FAE04EC0-301F-11D3-BF4B-00C04F79EFBC}") = "Observer", "Observer\Observer.csproj", "{8EA67161-91B6-4805-973D-01B07C2F9F66}"
EndProject
Global
	GlobalSection(SolutionConfigurationPlatforms) = preSolution
		Debug|Any CPU = Debug|Any CPU
		Release|Any CPU = Release|Any CPU
	EndGlobalSection
	GlobalSection(ProjectConfigurationPlatforms) = postSolution
		{8EA67161-91B6-4805-973D-01B07C2F9F66}.Debug|Any CPU.ActiveCfg = Debug|Any CPU
		{8EA67161-91B6-4805-973D-01B07C2F9F66}.Debug|Any CPU.Build.0 = Debug|Any CPU
		{8EA67161-91B6-4805-973D-01B07C2F9F66}.Release|Any CPU.ActiveCfg = Release|Any CPU
		{8EA67161-91B6-4805-973D-01B07C2F9F66}.Release|Any CPU.Build.0 = Release|Any CPU
	EndGlobalSection
	GlobalSection(SolutionProperties) = preSolution
		HideSolutionNode = FALSE
	EndGlobalSection
	GlobalSection(ExtensibilityGlobals) = postSolution
		SolutionGuid = {FFBB46FC-EB36-48F6-9D64-0ACCBDDF369F}
	EndGlobalSection
EndGlobal
